
Microsoft Visual Studio Solution File, Format Version 12.00
# Visual Studio Version 17
VisualStudioVersion = 17.7.34009.444
MinimumVisualStudioVersion = 10.0.40219.1
Project("{FAE04EC0-301F-11D3-BF4B-00C04F79EFBC}") = "Graphix", "Graphix\Graphix.csproj", "{DD124660-E5C6-405C-A0C0-91B0464E2CA0}"
EndProject
Global
	GlobalSection(SolutionConfigurationPlatforms) = preSolution
		Debug|Any CPU = Debug|Any CPU
		Release|Any CPU = Release|Any CPU
	EndGlobalSection
	GlobalSection(ProjectConfigurationPlatforms) = postSolution
		{DD124660-E5C6-405C-A0C0-91B0464E2CA0}.Debug|Any CPU.ActiveCfg = Debug|Any CPU
		{DD124660-E5C6-405C-A0C0-91B0464E2CA0}.Debug|Any CPU.Build.0 = Debug|Any CPU
		{DD124660-E5C6-405C-A0C0-91B0464E2CA0}.Release|Any CPU.ActiveCfg = Release|Any CPU
		{DD124660-E5C6-405C-A0C0-91B0464E2CA0}.Release|Any CPU.Build.0 = Release|Any CPU
	EndGlobalSection
	GlobalSection(SolutionProperties) = preSolution
		HideSolutionNode = FALSE
	EndGlobalSection
	GlobalSection(ExtensibilityGlobals) = postSolution
		SolutionGuid = {C9AFD3C7-BD15-47DF-A13B-24A548B6A094}
	EndGlobalSection
EndGlobal
